{
  "version": 4,
  "terraform_version": "1.1.2",
  "serial": 50,
  "lineage": "67dcad97-7b7b-d546-03ab-3eb7f54c9712",
  "outputs": {},
  "resources": [
    {
      "mode": "managed",
      "type": "aws_cloudwatch_log_group",
      "name": "tribecarexercise-awslogs-ecs",
      "provider": "provider[\"registry.terraform.io/hashicorp/aws\"]",
      "instances": [
        {
          "schema_version": 0,
          "attributes": {
            "arn": "arn:aws:logs:ap-southeast-1:191234494660:log-group:tribecarexercise-awslogs-ecs",
            "id": "tribecarexercise-awslogs-ecs",
            "kms_key_id": "",
            "name": "tribecarexercise-awslogs-ecs",
            "name_prefix": null,
            "retention_in_days": 0,
            "tags": null,
            "tags_all": {}
          },
          "sensitive_attributes": [],
          "private": "bnVsbA=="
        }
      ]
    },
    {
      "mode": "managed",
      "type": "aws_codebuild_project",
      "name": "tribecarexercise-codebuild",
      "provider": "provider[\"registry.terraform.io/hashicorp/aws\"]",
      "instances": [
        {
          "schema_version": 0,
          "attributes": {
            "arn": "arn:aws:codebuild:ap-southeast-1:191234494660:project/tribecarexercise-codebuild",
            "artifacts": [
              {
                "artifact_identifier": "",
                "encryption_disabled": false,
                "location": "",
                "name": "",
                "namespace_type": "",
                "override_artifact_name": false,
                "packaging": "",
                "path": "",
                "type": "NO_ARTIFACTS"
              }
            ],
            "badge_enabled": false,
            "badge_url": "",
            "build_batch_config": [],
            "build_timeout": 60,
            "cache": [
              {
                "location": "",
                "modes": [],
                "type": "NO_CACHE"
              }
            ],
            "concurrent_build_limit": 0,
            "description": "",
            "encryption_key": "arn:aws:kms:ap-southeast-1:191234494660:alias/aws/s3",
            "environment": [
              {
                "certificate": "",
                "compute_type": "BUILD_GENERAL1_SMALL",
                "environment_variable": [
                  {
                    "name": "AWS_DEFAULT_REGION",
                    "type": "PLAINTEXT",
                    "value": "ap-southeast-1"
                  },
                  {
                    "name": "AWS_ACCOUNT_ID",
                    "type": "PLAINTEXT",
                    "value": "191234494660"
                  },
                  {
                    "name": "IMAGE_REPO_NAME",
                    "type": "PLAINTEXT",
                    "value": "tribecarexercise-ecr"
                  },
                  {
                    "name": "IMAGE_TAG",
                    "type": "PLAINTEXT",
                    "value": "latest"
                  },
                  {
                    "name": "ECS_TASK_DEFINITION_NAME",
                    "type": "PLAINTEXT",
                    "value": "tribecarexercise-ecs-task-definition"
                  },
                  {
                    "name": "ECS_CONTAINER_DEFINITION_NAME",
                    "type": "PLAINTEXT",
                    "value": "tribecarexercise-ecs-container-definitions"
                  },
                  {
                    "name": "RDS_ENDPOINT",
                    "type": "PLAINTEXT",
                    "value": "terraform-20211227152641077500000001.cwpx89ahwf3a.ap-southeast-1.rds.amazonaws.com"
                  },
                  {
                    "name": "RDS_USERNAME",
                    "type": "PLAINTEXT",
                    "value": "tribecarexercise"
                  },
                  {
                    "name": "RDS_PASSWORD",
                    "type": "PLAINTEXT",
                    "value": "thisisasuperlongstringthatnooneknows"
                  },
                  {
                    "name": "RDS_PORT",
                    "type": "PLAINTEXT",
                    "value": "3306"
                  }
                ],
                "image": "aws/codebuild/standard:4.0",
                "image_pull_credentials_type": "CODEBUILD",
                "privileged_mode": true,
                "registry_credential": [],
                "type": "LINUX_CONTAINER"
              }
            ],
            "file_system_locations": [],
            "id": "arn:aws:codebuild:ap-southeast-1:191234494660:project/tribecarexercise-codebuild",
            "logs_config": [
              {
                "cloudwatch_logs": [
                  {
                    "group_name": "",
                    "status": "ENABLED",
                    "stream_name": ""
                  }
                ],
                "s3_logs": [
                  {
                    "encryption_disabled": false,
                    "location": "",
                    "status": "DISABLED"
                  }
                ]
              }
            ],
            "name": "tribecarexercise-codebuild",
            "queued_timeout": 480,
            "secondary_artifacts": [],
            "secondary_sources": [],
            "service_role": "arn:aws:iam::191234494660:role/tribecarexercise-iam-role",
            "source": [
              {
                "auth": [],
                "build_status_config": [],
                "buildspec": "build/aws/buildspec.yml",
                "git_clone_depth": 0,
                "git_submodules_config": [
                  {
                    "fetch_submodules": true
                  }
                ],
                "insecure_ssl": false,
                "location": "https://github.com/ProFire/tribecarexercise.git",
                "report_build_status": false,
                "type": "GITHUB"
              }
            ],
            "source_version": "",
            "tags": {},
            "tags_all": {},
            "vpc_config": [
              {
                "security_group_ids": [
                  "sg-0cdcc9d2cd2549909",
                  "sg-0e25ea2c9f810d2f0"
                ],
                "subnets": [
                  "subnet-02b01695498da1fc4",
                  "subnet-0f81e534cff7176b1"
                ],
                "vpc_id": "vpc-06614048384589fd0"
              }
            ]
          },
          "sensitive_attributes": [
            [
              {
                "type": "get_attr",
                "value": "environment"
              },
              {
                "type": "index",
                "value": {
                  "value": 0,
                  "type": "number"
                }
              },
              {
                "type": "get_attr",
                "value": "environment_variable"
              },
              {
                "type": "index",
                "value": {
                  "value": 8,
                  "type": "number"
                }
              },
              {
                "type": "get_attr",
                "value": "value"
              }
            ]
          ],
          "private": "bnVsbA==",
          "dependencies": [
            "aws_ecr_repository.tribecarexercise-ecr",
            "aws_ecs_task_definition.tribecarexercise-ecs-task-definition",
            "aws_iam_role.tribecarexercise-iam-role-ecs-execution",
            "aws_security_group.tribecarexercise-security-group",
            "aws_subnet.tribecarexercise-subnet-private-a",
            "aws_subnet.tribecarexercise-subnet-private-b",
            "aws_vpc.tribecarexercise-vpc",
            "aws_db_instance.tribecarexercise-db-instance",
            "aws_db_subnet_group.tribecarexercise-db-subnet-group",
            "aws_default_security_group.tribecarexercise-default-security-group",
            "aws_iam_role.tribecarexercise-iam-role-codebuild",
            "aws_cloudwatch_log_group.tribecarexercise-awslogs-ecs"
          ]
        }
      ]
    },
    {
      "mode": "managed",
      "type": "aws_codepipeline",
      "name": "tribecarexercise-codepipeline",
      "provider": "provider[\"registry.terraform.io/hashicorp/aws\"]",
      "instances": [
        {
          "schema_version": 0,
          "attributes": {
            "arn": "arn:aws:codepipeline:ap-southeast-1:191234494660:tribecarexercise-codepipeline",
            "artifact_store": [
              {
                "encryption_key": [],
                "location": "tribecarexercise-s3-bucket-codepipeline",
                "region": "",
                "type": "S3"
              }
            ],
            "id": "tribecarexercise-codepipeline",
            "name": "tribecarexercise-codepipeline",
            "role_arn": "arn:aws:iam::191234494660:role/tribecarexercise-iam-role-codepipeline",
            "stage": [
              {
                "action": [
                  {
                    "category": "Source",
                    "configuration": {
                      "BranchName": "main",
                      "ConnectionArn": "arn:aws:codestar-connections:ap-southeast-1:191234494660:connection/1c682825-1cb1-4991-947a-9ecc0d787773",
                      "FullRepositoryId": "ProFire/tribecarexercise"
                    },
                    "input_artifacts": [],
                    "name": "Source",
                    "namespace": "",
                    "output_artifacts": [
                      "source_output"
                    ],
                    "owner": "AWS",
                    "provider": "CodeStarSourceConnection",
                    "region": "",
                    "role_arn": "",
                    "run_order": 1,
                    "version": "1"
                  }
                ],
                "name": "Source"
              },
              {
                "action": [
                  {
                    "category": "Build",
                    "configuration": {
                      "ProjectName": "tribecarexercise-codebuild"
                    },
                    "input_artifacts": [
                      "source_output"
                    ],
                    "name": "Build",
                    "namespace": "",
                    "output_artifacts": [
                      "build_output"
                    ],
                    "owner": "AWS",
                    "provider": "CodeBuild",
                    "region": "",
                    "role_arn": "",
                    "run_order": 1,
                    "version": "1"
                  }
                ],
                "name": "Build"
              },
              {
                "action": [
                  {
                    "category": "Deploy",
                    "configuration": {
                      "ClusterName": "tribecarexercise-ecs-cluster",
                      "DeploymentTimeout": "15",
                      "FileName": "imagedefinitions.json",
                      "ServiceName": "tribecarexercise-ecs-service"
                    },
                    "input_artifacts": [
                      "build_output"
                    ],
                    "name": "Deploy",
                    "namespace": "",
                    "output_artifacts": [],
                    "owner": "AWS",
                    "provider": "ECS",
                    "region": "",
                    "role_arn": "",
                    "run_order": 1,
                    "version": "1"
                  }
                ],
                "name": "Deploy"
              }
            ],
            "tags": {},
            "tags_all": {}
          },
          "sensitive_attributes": [],
          "private": "bnVsbA==",
          "dependencies": [
            "aws_codestarconnections_connection.tribecarexercise-codestarconnections-connection",
            "aws_db_instance.tribecarexercise-db-instance",
            "aws_iam_role.tribecarexercise-iam-role-ecs-execution",
            "aws_iam_role_policy.tce-iam-role-policy-ecs-execution",
            "aws_s3_bucket.tribecarexercise-s3-bucket-codepipeline",
            "aws_security_group.tribecarexercise-security-group",
            "aws_subnet.tribecarexercise-subnet-private-a",
            "aws_codebuild_project.tribecarexercise-codebuild",
            "aws_default_security_group.tribecarexercise-default-security-group",
            "aws_ecr_repository.tribecarexercise-ecr",
            "aws_ecs_cluster.tribecarexercise-ecs-cluster",
            "aws_ecs_service.tribecarexercise-ecs-service",
            "aws_ecs_task_definition.tribecarexercise-ecs-task-definition",
            "aws_iam_role.tribecarexercise-iam-role-codebuild",
            "aws_lb.tribecarexercise-lb",
            "aws_lb_target_group.tribecarexercise-lb-target-group",
            "aws_db_subnet_group.tribecarexercise-db-subnet-group",
            "aws_iam_role.tribecarexercise-iam-role-codepipeline",
            "aws_cloudwatch_log_group.tribecarexercise-awslogs-ecs",
            "aws_subnet.tribecarexercise-subnet-private-b",
            "aws_subnet.tribecarexercise-subnet-public-a",
            "aws_subnet.tribecarexercise-subnet-public-b",
            "aws_vpc.tribecarexercise-vpc"
          ]
        }
      ]
    },
    {
      "mode": "managed",
      "type": "aws_codestarconnections_connection",
      "name": "tribecarexercise-codestarconnections-connection",
      "provider": "provider[\"registry.terraform.io/hashicorp/aws\"]",
      "instances": [
        {
          "schema_version": 0,
          "attributes": {
            "arn": "arn:aws:codestar-connections:ap-southeast-1:191234494660:connection/1c682825-1cb1-4991-947a-9ecc0d787773",
            "connection_status": "AVAILABLE",
            "host_arn": "",
            "id": "arn:aws:codestar-connections:ap-southeast-1:191234494660:connection/1c682825-1cb1-4991-947a-9ecc0d787773",
            "name": "tribecarexercise-connection",
            "provider_type": "GitHub",
            "tags": {},
            "tags_all": {}
          },
          "sensitive_attributes": [],
          "private": "bnVsbA=="
        }
      ]
    },
    {
      "mode": "managed",
      "type": "aws_db_instance",
      "name": "tribecarexercise-db-instance",
      "provider": "provider[\"registry.terraform.io/hashicorp/aws\"]",
      "instances": [
        {
          "schema_version": 1,
          "attributes": {
            "address": "terraform-20211227152641077500000001.cwpx89ahwf3a.ap-southeast-1.rds.amazonaws.com",
            "allocated_storage": 10,
            "allow_major_version_upgrade": null,
            "apply_immediately": null,
            "arn": "arn:aws:rds:ap-southeast-1:191234494660:db:terraform-20211227152641077500000001",
            "auto_minor_version_upgrade": true,
            "availability_zone": "ap-southeast-1a",
            "backup_retention_period": 0,
            "backup_window": "20:18-20:48",
            "ca_cert_identifier": "rds-ca-2019",
            "character_set_name": "",
            "copy_tags_to_snapshot": false,
            "customer_owned_ip_enabled": false,
            "db_subnet_group_name": "tribecarexercise-db-subnet-group",
            "delete_automated_backups": true,
            "deletion_protection": false,
            "domain": "",
            "domain_iam_role_name": "",
            "enabled_cloudwatch_logs_exports": [],
            "endpoint": "terraform-20211227152641077500000001.cwpx89ahwf3a.ap-southeast-1.rds.amazonaws.com:3306",
            "engine": "mysql",
            "engine_version": "8.0.23",
            "engine_version_actual": "8.0.23",
            "final_snapshot_identifier": "secretlabfinalsnapshot",
            "hosted_zone_id": "Z2G0U3KFCY8NZ5",
            "iam_database_authentication_enabled": false,
            "id": "terraform-20211227152641077500000001",
            "identifier": "terraform-20211227152641077500000001",
            "identifier_prefix": null,
            "instance_class": "db.t3.small",
            "iops": 0,
            "kms_key_id": "",
            "latest_restorable_time": "0001-01-01T00:00:00Z",
            "license_model": "general-public-license",
            "maintenance_window": "mon:16:13-mon:16:43",
            "max_allocated_storage": 0,
            "monitoring_interval": 0,
            "monitoring_role_arn": "",
            "multi_az": false,
            "name": "tribecarexercisedbinstance",
            "nchar_character_set_name": "",
            "option_group_name": "default:mysql-8-0",
            "parameter_group_name": "default.mysql8.0",
            "password": "thisisasuperlongstringthatnooneknows",
            "performance_insights_enabled": false,
            "performance_insights_kms_key_id": "",
            "performance_insights_retention_period": 0,
            "port": 3306,
            "publicly_accessible": false,
            "replica_mode": "",
            "replicas": [],
            "replicate_source_db": "",
            "resource_id": "db-UP5WPCXOG5O2OO6UX2W7H6BZRM",
            "restore_to_point_in_time": [],
            "s3_import": [],
            "security_group_names": [],
            "skip_final_snapshot": true,
            "snapshot_identifier": null,
            "status": "available",
            "storage_encrypted": false,
            "storage_type": "gp2",
            "tags": {},
            "tags_all": {},
            "timeouts": null,
            "timezone": "",
            "username": "tribecarexercise",
            "vpc_security_group_ids": [
              "sg-0e25ea2c9f810d2f0"
            ]
          },
          "sensitive_attributes": [],
          "private": "eyJlMmJmYjczMC1lY2FhLTExZTYtOGY4OC0zNDM2M2JjN2M0YzAiOnsiY3JlYXRlIjoyNDAwMDAwMDAwMDAwLCJkZWxldGUiOjM2MDAwMDAwMDAwMDAsInVwZGF0ZSI6NDgwMDAwMDAwMDAwMH0sInNjaGVtYV92ZXJzaW9uIjoiMSJ9",
          "dependencies": [
            "aws_db_subnet_group.tribecarexercise-db-subnet-group",
            "aws_subnet.tribecarexercise-subnet-private-a",
            "aws_subnet.tribecarexercise-subnet-private-b",
            "aws_vpc.tribecarexercise-vpc"
          ]
        }
      ]
    },
    {
      "mode": "managed",
      "type": "aws_db_subnet_group",
      "name": "tribecarexercise-db-subnet-group",
      "provider": "provider[\"registry.terraform.io/hashicorp/aws\"]",
      "instances": [
        {
          "schema_version": 0,
          "attributes": {
            "arn": "arn:aws:rds:ap-southeast-1:191234494660:subgrp:tribecarexercise-db-subnet-group",
            "description": "Managed by Terraform",
            "id": "tribecarexercise-db-subnet-group",
            "name": "tribecarexercise-db-subnet-group",
            "name_prefix": null,
            "subnet_ids": [
              "subnet-02b01695498da1fc4",
              "subnet-0f81e534cff7176b1"
            ],
            "tags": {},
            "tags_all": {}
          },
          "sensitive_attributes": [],
          "private": "bnVsbA==",
          "dependencies": [
            "aws_subnet.tribecarexercise-subnet-private-b",
            "aws_vpc.tribecarexercise-vpc",
            "aws_subnet.tribecarexercise-subnet-private-a"
          ]
        }
      ]
    },
    {
      "mode": "managed",
      "type": "aws_default_security_group",
      "name": "tribecarexercise-default-security-group",
      "provider": "provider[\"registry.terraform.io/hashicorp/aws\"]",
      "instances": [
        {
          "schema_version": 1,
          "attributes": {
            "arn": "arn:aws:ec2:ap-southeast-1:191234494660:security-group/sg-0e25ea2c9f810d2f0",
            "description": "default VPC security group",
            "egress": [
              {
                "cidr_blocks": [
                  "0.0.0.0/0"
                ],
                "description": "",
                "from_port": 0,
                "ipv6_cidr_blocks": [],
                "prefix_list_ids": [],
                "protocol": "-1",
                "security_groups": [],
                "self": false,
                "to_port": 0
              }
            ],
            "id": "sg-0e25ea2c9f810d2f0",
            "ingress": [
              {
                "cidr_blocks": [],
                "description": "",
                "from_port": 0,
                "ipv6_cidr_blocks": [],
                "prefix_list_ids": [],
                "protocol": "-1",
                "security_groups": [],
                "self": true,
                "to_port": 0
              }
            ],
            "name": "default",
            "owner_id": "191234494660",
            "revoke_rules_on_delete": false,
            "tags": {},
            "tags_all": {},
            "vpc_id": "vpc-06614048384589fd0"
          },
          "sensitive_attributes": [],
          "private": "eyJzY2hlbWFfdmVyc2lvbiI6IjEifQ==",
          "dependencies": [
            "aws_vpc.tribecarexercise-vpc"
          ]
        }
      ]
    },
    {
      "mode": "managed",
      "type": "aws_ecr_repository",
      "name": "tribecarexercise-ecr",
      "provider": "provider[\"registry.terraform.io/hashicorp/aws\"]",
      "instances": [
        {
          "schema_version": 0,
          "attributes": {
            "arn": "arn:aws:ecr:ap-southeast-1:191234494660:repository/tribecarexercise-ecr",
            "encryption_configuration": [
              {
                "encryption_type": "AES256",
                "kms_key": ""
              }
            ],
            "id": "tribecarexercise-ecr",
            "image_scanning_configuration": [
              {
                "scan_on_push": false
              }
            ],
            "image_tag_mutability": "MUTABLE",
            "name": "tribecarexercise-ecr",
            "registry_id": "191234494660",
            "repository_url": "191234494660.dkr.ecr.ap-southeast-1.amazonaws.com/tribecarexercise-ecr",
            "tags": {},
            "tags_all": {},
            "timeouts": null
          },
          "sensitive_attributes": [],
          "private": "eyJlMmJmYjczMC1lY2FhLTExZTYtOGY4OC0zNDM2M2JjN2M0YzAiOnsiZGVsZXRlIjoxMjAwMDAwMDAwMDAwfX0="
        }
      ]
    },
    {
      "mode": "managed",
      "type": "aws_ecs_cluster",
      "name": "tribecarexercise-ecs-cluster",
      "provider": "provider[\"registry.terraform.io/hashicorp/aws\"]",
      "instances": [
        {
          "schema_version": 0,
          "attributes": {
            "arn": "arn:aws:ecs:ap-southeast-1:191234494660:cluster/tribecarexercise-ecs-cluster",
            "capacity_providers": [],
            "configuration": [],
            "default_capacity_provider_strategy": [],
            "id": "arn:aws:ecs:ap-southeast-1:191234494660:cluster/tribecarexercise-ecs-cluster",
            "name": "tribecarexercise-ecs-cluster",
            "setting": [
              {
                "name": "containerInsights",
                "value": "enabled"
              }
            ],
            "tags": {},
            "tags_all": {}
          },
          "sensitive_attributes": [],
          "private": "bnVsbA=="
        }
      ]
    },
    {
      "mode": "managed",
      "type": "aws_ecs_service",
      "name": "tribecarexercise-ecs-service",
      "provider": "provider[\"registry.terraform.io/hashicorp/aws\"]",
      "instances": [
        {
          "schema_version": 0,
          "attributes": {
            "capacity_provider_strategy": [],
            "cluster": "arn:aws:ecs:ap-southeast-1:191234494660:cluster/tribecarexercise-ecs-cluster",
            "deployment_circuit_breaker": [
              {
                "enable": false,
                "rollback": false
              }
            ],
            "deployment_controller": [
              {
                "type": "ECS"
              }
            ],
            "deployment_maximum_percent": 200,
            "deployment_minimum_healthy_percent": 100,
            "desired_count": 2,
            "enable_ecs_managed_tags": false,
            "enable_execute_command": false,
            "force_new_deployment": null,
            "health_check_grace_period_seconds": 0,
            "iam_role": "aws-service-role",
            "id": "arn:aws:ecs:ap-southeast-1:191234494660:service/tribecarexercise-ecs-cluster/tribecarexercise-ecs-service",
            "launch_type": "FARGATE",
            "load_balancer": [
              {
                "container_name": "tribecarexercise-ecs-container-definitions",
                "container_port": 80,
                "elb_name": "",
                "target_group_arn": "arn:aws:elasticloadbalancing:ap-southeast-1:191234494660:targetgroup/tribecarexercise-lb-tg/09fcd417b21f14ae"
              }
            ],
            "name": "tribecarexercise-ecs-service",
            "network_configuration": [
              {
                "assign_public_ip": true,
                "security_groups": [
                  "sg-0cdcc9d2cd2549909",
                  "sg-0e25ea2c9f810d2f0"
                ],
                "subnets": [
                  "subnet-018dd53ffd4dcf8aa",
                  "subnet-01aa1a64b6bb11eb4"
                ]
              }
            ],
            "ordered_placement_strategy": [],
            "placement_constraints": [],
            "platform_version": "LATEST",
            "propagate_tags": "NONE",
            "scheduling_strategy": "REPLICA",
            "service_registries": [],
            "tags": {},
            "tags_all": {},
            "task_definition": "arn:aws:ecs:ap-southeast-1:191234494660:task-definition/tribecarexercise-ecs-task-definition:11",
            "timeouts": null,
            "wait_for_steady_state": false
          },
          "sensitive_attributes": [],
          "private": "eyJlMmJmYjczMC1lY2FhLTExZTYtOGY4OC0zNDM2M2JjN2M0YzAiOnsiZGVsZXRlIjoxMjAwMDAwMDAwMDAwfX0=",
          "dependencies": [
            "aws_cloudwatch_log_group.tribecarexercise-awslogs-ecs",
            "aws_default_security_group.tribecarexercise-default-security-group",
            "aws_ecr_repository.tribecarexercise-ecr",
            "aws_ecs_cluster.tribecarexercise-ecs-cluster",
            "aws_ecs_task_definition.tribecarexercise-ecs-task-definition",
            "aws_iam_role.tribecarexercise-iam-role-ecs-execution",
            "aws_iam_role_policy.tce-iam-role-policy-ecs-execution",
            "aws_lb.tribecarexercise-lb",
            "aws_lb_target_group.tribecarexercise-lb-target-group",
            "aws_security_group.tribecarexercise-security-group",
            "aws_subnet.tribecarexercise-subnet-public-a",
            "aws_subnet.tribecarexercise-subnet-public-b"
          ]
        }
      ]
    },
    {
      "mode": "managed",
      "type": "aws_ecs_task_definition",
      "name": "tribecarexercise-ecs-task-definition",
      "provider": "provider[\"registry.terraform.io/hashicorp/aws\"]",
      "instances": [
        {
          "schema_version": 1,
          "attributes": {
            "arn": "arn:aws:ecs:ap-southeast-1:191234494660:task-definition/tribecarexercise-ecs-task-definition:11",
            "container_definitions": "[{\"cpu\":256,\"environment\":[],\"essential\":true,\"image\":\"191234494660.dkr.ecr.ap-southeast-1.amazonaws.com/tribecarexercise-ecr:latest\",\"logConfiguration\":{\"logDriver\":\"awslogs\",\"options\":{\"awslogs-group\":\"tribecarexercise-awslogs-ecs\",\"awslogs-region\":\"ap-southeast-1\",\"awslogs-stream-prefix\":\"tribecarexercise-awslogs-ecs\"}},\"memory\":512,\"mountPoints\":[],\"name\":\"tribecarexercise-ecs-container-definitions\",\"portMappings\":[{\"containerPort\":80,\"hostPort\":80,\"protocol\":\"tcp\"}],\"volumesFrom\":[]}]",
            "cpu": "256",
            "ephemeral_storage": [],
            "execution_role_arn": "arn:aws:iam::191234494660:role/tribecarexercise-iam-role-ecs-execution",
            "family": "tribecarexercise-ecs-task-definition",
            "id": "tribecarexercise-ecs-task-definition",
            "inference_accelerator": [],
            "ipc_mode": "",
            "memory": "512",
            "network_mode": "awsvpc",
            "pid_mode": "",
            "placement_constraints": [],
            "proxy_configuration": [],
            "requires_compatibilities": [
              "FARGATE"
            ],
            "revision": 11,
            "runtime_platform": [],
            "tags": null,
            "tags_all": {},
            "task_role_arn": "arn:aws:iam::191234494660:role/tribecarexercise-iam-role-ecs-execution",
            "volume": []
          },
          "sensitive_attributes": [],
          "private": "eyJzY2hlbWFfdmVyc2lvbiI6IjEifQ==",
          "dependencies": [
            "aws_cloudwatch_log_group.tribecarexercise-awslogs-ecs",
            "aws_ecr_repository.tribecarexercise-ecr",
            "aws_iam_role.tribecarexercise-iam-role-ecs-execution"
          ]
        }
      ]
    },
    {
      "mode": "managed",
      "type": "aws_eip",
      "name": "tribecarexercise-eip",
      "provider": "provider[\"registry.terraform.io/hashicorp/aws\"]",
      "instances": [
        {
          "schema_version": 0,
          "attributes": {
            "address": null,
            "allocation_id": "eipalloc-099739fa184d0b77c",
            "associate_with_private_ip": null,
            "association_id": "eipassoc-08eed8445d4643fb5",
            "carrier_ip": "",
            "customer_owned_ip": "",
            "customer_owned_ipv4_pool": "",
            "domain": "vpc",
            "id": "eipalloc-099739fa184d0b77c",
            "instance": "",
            "network_border_group": "ap-southeast-1",
            "network_interface": "eni-022c3b3959995c9f7",
            "private_dns": "ip-10-0-1-147.ap-southeast-1.compute.internal",
            "private_ip": "10.0.1.147",
            "public_dns": "ec2-52-220-111-251.ap-southeast-1.compute.amazonaws.com",
            "public_ip": "52.220.111.251",
            "public_ipv4_pool": "amazon",
            "tags": {},
            "tags_all": {},
            "timeouts": null,
            "vpc": true
          },
          "sensitive_attributes": [],
          "private": "eyJlMmJmYjczMC1lY2FhLTExZTYtOGY4OC0zNDM2M2JjN2M0YzAiOnsiZGVsZXRlIjoxODAwMDAwMDAwMDAsInJlYWQiOjkwMDAwMDAwMDAwMCwidXBkYXRlIjozMDAwMDAwMDAwMDB9fQ==",
          "dependencies": [
            "aws_vpc.tribecarexercise-vpc",
            "aws_internet_gateway.tribecarexercise-internet-gateway"
          ]
        }
      ]
    },
    {
      "mode": "managed",
      "type": "aws_iam_role",
      "name": "tribecarexercise-iam-role-codebuild",
      "provider": "provider[\"registry.terraform.io/hashicorp/aws\"]",
      "instances": [
        {
          "schema_version": 0,
          "attributes": {
            "arn": "arn:aws:iam::191234494660:role/tribecarexercise-iam-role",
            "assume_role_policy": "{\"Version\":\"2012-10-17\",\"Statement\":[{\"Sid\":\"\",\"Effect\":\"Allow\",\"Principal\":{\"Service\":\"codebuild.amazonaws.com\"},\"Action\":\"sts:AssumeRole\"}]}",
            "create_date": "2021-12-27T15:26:28Z",
            "description": "",
            "force_detach_policies": false,
            "id": "tribecarexercise-iam-role",
            "inline_policy": [
              {
                "name": "tce-iam-role-policy-codebuild",
                "policy": "{\"Statement\":[{\"Action\":[\"*\"],\"Effect\":\"Allow\",\"Resource\":\"*\"}],\"Version\":\"2012-10-17\"}"
              }
            ],
            "managed_policy_arns": [],
            "max_session_duration": 3600,
            "name": "tribecarexercise-iam-role",
            "name_prefix": "",
            "path": "/",
            "permissions_boundary": null,
            "tags": {},
            "tags_all": {},
            "unique_id": "AROASZBTW2DCCREY2K3UN"
          },
          "sensitive_attributes": [],
          "private": "bnVsbA=="
        }
      ]
    },
    {
      "mode": "managed",
      "type": "aws_iam_role",
      "name": "tribecarexercise-iam-role-codepipeline",
      "provider": "provider[\"registry.terraform.io/hashicorp/aws\"]",
      "instances": [
        {
          "schema_version": 0,
          "attributes": {
            "arn": "arn:aws:iam::191234494660:role/tribecarexercise-iam-role-codepipeline",
            "assume_role_policy": "{\"Version\":\"2012-10-17\",\"Statement\":[{\"Sid\":\"\",\"Effect\":\"Allow\",\"Principal\":{\"Service\":\"codepipeline.amazonaws.com\"},\"Action\":\"sts:AssumeRole\"}]}",
            "create_date": "2021-12-27T15:26:28Z",
            "description": "",
            "force_detach_policies": false,
            "id": "tribecarexercise-iam-role-codepipeline",
            "inline_policy": [
              {
                "name": "tce-iam-role-policy-codepipeline",
                "policy": "{\"Statement\":[{\"Action\":[\"*\"],\"Effect\":\"Allow\",\"Resource\":\"*\"}],\"Version\":\"2012-10-17\"}"
              }
            ],
            "managed_policy_arns": [],
            "max_session_duration": 3600,
            "name": "tribecarexercise-iam-role-codepipeline",
            "name_prefix": "",
            "path": "/",
            "permissions_boundary": null,
            "tags": {},
            "tags_all": {},
            "unique_id": "AROASZBTW2DCLPUIZ7FJO"
          },
          "sensitive_attributes": [],
          "private": "bnVsbA=="
        }
      ]
    },
    {
      "mode": "managed",
      "type": "aws_iam_role",
      "name": "tribecarexercise-iam-role-ecs-execution",
      "provider": "provider[\"registry.terraform.io/hashicorp/aws\"]",
      "instances": [
        {
          "schema_version": 0,
          "attributes": {
            "arn": "arn:aws:iam::191234494660:role/tribecarexercise-iam-role-ecs-execution",
            "assume_role_policy": "{\"Version\":\"2012-10-17\",\"Statement\":[{\"Sid\":\"\",\"Effect\":\"Allow\",\"Principal\":{\"Service\":\"ecs-tasks.amazonaws.com\"},\"Action\":\"sts:AssumeRole\"}]}",
            "create_date": "2021-12-27T15:26:26Z",
            "description": "",
            "force_detach_policies": false,
            "id": "tribecarexercise-iam-role-ecs-execution",
            "inline_policy": [
              {
                "name": "tce-iam-role-policy-ecs-service",
                "policy": "{\"Statement\":[{\"Action\":[\"*\"],\"Effect\":\"Allow\",\"Resource\":\"*\"}],\"Version\":\"2012-10-17\"}"
              }
            ],
            "managed_policy_arns": [],
            "max_session_duration": 3600,
            "name": "tribecarexercise-iam-role-ecs-execution",
            "name_prefix": "",
            "path": "/",
            "permissions_boundary": null,
            "tags": {},
            "tags_all": {},
            "unique_id": "AROASZBTW2DCCRNFVDQNH"
          },
          "sensitive_attributes": [],
          "private": "bnVsbA=="
        }
      ]
    },
    {
      "mode": "managed",
      "type": "aws_iam_role_policy",
      "name": "tce-iam-role-policy-codebuild",
      "provider": "provider[\"registry.terraform.io/hashicorp/aws\"]",
      "instances": [
        {
          "schema_version": 0,
          "attributes": {
            "id": "tribecarexercise-iam-role:tce-iam-role-policy-codebuild",
            "name": "tce-iam-role-policy-codebuild",
            "name_prefix": null,
            "policy": "{\"Statement\":[{\"Action\":[\"*\"],\"Effect\":\"Allow\",\"Resource\":\"*\"}],\"Version\":\"2012-10-17\"}",
            "role": "tribecarexercise-iam-role"
          },
          "sensitive_attributes": [],
          "private": "bnVsbA==",
          "dependencies": [
            "aws_iam_role.tribecarexercise-iam-role-codebuild"
          ]
        }
      ]
    },
    {
      "mode": "managed",
      "type": "aws_iam_role_policy",
      "name": "tce-iam-role-policy-codepipeline",
      "provider": "provider[\"registry.terraform.io/hashicorp/aws\"]",
      "instances": [
        {
          "schema_version": 0,
          "attributes": {
            "id": "tribecarexercise-iam-role-codepipeline:tce-iam-role-policy-codepipeline",
            "name": "tce-iam-role-policy-codepipeline",
            "name_prefix": null,
            "policy": "{\"Statement\":[{\"Action\":[\"*\"],\"Effect\":\"Allow\",\"Resource\":\"*\"}],\"Version\":\"2012-10-17\"}",
            "role": "tribecarexercise-iam-role-codepipeline"
          },
          "sensitive_attributes": [],
          "private": "bnVsbA==",
          "dependencies": [
            "aws_iam_role.tribecarexercise-iam-role-codepipeline"
          ]
        }
      ]
    },
    {
      "mode": "managed",
      "type": "aws_iam_role_policy",
      "name": "tce-iam-role-policy-ecs-execution",
      "provider": "provider[\"registry.terraform.io/hashicorp/aws\"]",
      "instances": [
        {
          "schema_version": 0,
          "attributes": {
            "id": "tribecarexercise-iam-role-ecs-execution:tce-iam-role-policy-ecs-service",
            "name": "tce-iam-role-policy-ecs-service",
            "name_prefix": null,
            "policy": "{\"Statement\":[{\"Action\":[\"*\"],\"Effect\":\"Allow\",\"Resource\":\"*\"}],\"Version\":\"2012-10-17\"}",
            "role": "tribecarexercise-iam-role-ecs-execution"
          },
          "sensitive_attributes": [],
          "private": "bnVsbA==",
          "dependencies": [
            "aws_iam_role.tribecarexercise-iam-role-ecs-execution"
          ]
        }
      ]
    },
    {
      "mode": "managed",
      "type": "aws_internet_gateway",
      "name": "tribecarexercise-internet-gateway",
      "provider": "provider[\"registry.terraform.io/hashicorp/aws\"]",
      "instances": [
        {
          "schema_version": 0,
          "attributes": {
            "arn": "arn:aws:ec2:ap-southeast-1:191234494660:internet-gateway/igw-055ae3ee29e23bee6",
            "id": "igw-055ae3ee29e23bee6",
            "owner_id": "191234494660",
            "tags": {
              "Name": "tribecarexercise-internet-gateway"
            },
            "tags_all": {
              "Name": "tribecarexercise-internet-gateway"
            },
            "vpc_id": "vpc-06614048384589fd0"
          },
          "sensitive_attributes": [],
          "private": "bnVsbA==",
          "dependencies": [
            "aws_vpc.tribecarexercise-vpc"
          ]
        }
      ]
    },
    {
      "mode": "managed",
      "type": "aws_lb",
      "name": "tribecarexercise-lb",
      "provider": "provider[\"registry.terraform.io/hashicorp/aws\"]",
      "instances": [
        {
          "schema_version": 0,
          "attributes": {
            "access_logs": [
              {
                "bucket": "",
                "enabled": false,
                "prefix": ""
              }
            ],
            "arn": "arn:aws:elasticloadbalancing:ap-southeast-1:191234494660:loadbalancer/app/tribecarexercise-lb/4d9950258a0f743f",
            "arn_suffix": "app/tribecarexercise-lb/4d9950258a0f743f",
            "customer_owned_ipv4_pool": "",
            "desync_mitigation_mode": "defensive",
            "dns_name": "tribecarexercise-lb-750265799.ap-southeast-1.elb.amazonaws.com",
            "drop_invalid_header_fields": false,
            "enable_cross_zone_load_balancing": null,
            "enable_deletion_protection": false,
            "enable_http2": true,
            "enable_waf_fail_open": false,
            "id": "arn:aws:elasticloadbalancing:ap-southeast-1:191234494660:loadbalancer/app/tribecarexercise-lb/4d9950258a0f743f",
            "idle_timeout": 60,
            "internal": false,
            "ip_address_type": "ipv4",
            "load_balancer_type": "application",
            "name": "tribecarexercise-lb",
            "name_prefix": null,
            "security_groups": [
              "sg-0cdcc9d2cd2549909"
            ],
            "subnet_mapping": [
              {
                "allocation_id": "",
                "ipv6_address": "",
                "outpost_id": "",
                "private_ipv4_address": "",
                "subnet_id": "subnet-018dd53ffd4dcf8aa"
              },
              {
                "allocation_id": "",
                "ipv6_address": "",
                "outpost_id": "",
                "private_ipv4_address": "",
                "subnet_id": "subnet-01aa1a64b6bb11eb4"
              }
            ],
            "subnets": [
              "subnet-018dd53ffd4dcf8aa",
              "subnet-01aa1a64b6bb11eb4"
            ],
            "tags": {},
            "tags_all": {},
            "timeouts": null,
            "vpc_id": "vpc-06614048384589fd0",
            "zone_id": "Z1LMS91P8CMLE5"
          },
          "sensitive_attributes": [],
          "private": "eyJlMmJmYjczMC1lY2FhLTExZTYtOGY4OC0zNDM2M2JjN2M0YzAiOnsiY3JlYXRlIjo2MDAwMDAwMDAwMDAsImRlbGV0ZSI6NjAwMDAwMDAwMDAwLCJ1cGRhdGUiOjYwMDAwMDAwMDAwMH19",
          "dependencies": [
            "aws_vpc.tribecarexercise-vpc",
            "aws_security_group.tribecarexercise-security-group",
            "aws_subnet.tribecarexercise-subnet-public-a",
            "aws_subnet.tribecarexercise-subnet-public-b"
          ]
        }
      ]
    },
    {
      "mode": "managed",
      "type": "aws_lb_listener",
      "name": "tribecarexercise-lb-listener-http",
      "provider": "provider[\"registry.terraform.io/hashicorp/aws\"]",
      "instances": [
        {
          "schema_version": 0,
          "attributes": {
            "alpn_policy": null,
            "arn": "arn:aws:elasticloadbalancing:ap-southeast-1:191234494660:listener/app/tribecarexercise-lb/4d9950258a0f743f/c64b60e1227ecc4d",
            "certificate_arn": null,
            "default_action": [
              {
                "authenticate_cognito": [],
                "authenticate_oidc": [],
                "fixed_response": [],
                "forward": [],
                "order": 1,
                "redirect": [],
                "target_group_arn": "arn:aws:elasticloadbalancing:ap-southeast-1:191234494660:targetgroup/tribecarexercise-lb-tg/09fcd417b21f14ae",
                "type": "forward"
              }
            ],
            "id": "arn:aws:elasticloadbalancing:ap-southeast-1:191234494660:listener/app/tribecarexercise-lb/4d9950258a0f743f/c64b60e1227ecc4d",
            "load_balancer_arn": "arn:aws:elasticloadbalancing:ap-southeast-1:191234494660:loadbalancer/app/tribecarexercise-lb/4d9950258a0f743f",
            "port": 80,
            "protocol": "HTTP",
            "ssl_policy": "",
            "tags": {},
            "tags_all": {},
            "timeouts": null
          },
          "sensitive_attributes": [],
          "private": "eyJlMmJmYjczMC1lY2FhLTExZTYtOGY4OC0zNDM2M2JjN2M0YzAiOnsicmVhZCI6NjAwMDAwMDAwMDAwfX0=",
          "dependencies": [
            "aws_subnet.tribecarexercise-subnet-public-a",
            "aws_subnet.tribecarexercise-subnet-public-b",
            "aws_vpc.tribecarexercise-vpc",
            "aws_lb.tribecarexercise-lb",
            "aws_lb_target_group.tribecarexercise-lb-target-group",
            "aws_security_group.tribecarexercise-security-group"
          ]
        }
      ]
    },
    {
      "mode": "managed",
      "type": "aws_lb_target_group",
      "name": "tribecarexercise-lb-target-group",
      "provider": "provider[\"registry.terraform.io/hashicorp/aws\"]",
      "instances": [
        {
          "schema_version": 0,
          "attributes": {
            "arn": "arn:aws:elasticloadbalancing:ap-southeast-1:191234494660:targetgroup/tribecarexercise-lb-tg/09fcd417b21f14ae",
            "arn_suffix": "targetgroup/tribecarexercise-lb-tg/09fcd417b21f14ae",
            "connection_termination": false,
            "deregistration_delay": "300",
            "health_check": [
              {
                "enabled": true,
                "healthy_threshold": 5,
                "interval": 30,
                "matcher": "200",
                "path": "/",
                "port": "traffic-port",
                "protocol": "HTTP",
                "timeout": 5,
                "unhealthy_threshold": 2
              }
            ],
            "id": "arn:aws:elasticloadbalancing:ap-southeast-1:191234494660:targetgroup/tribecarexercise-lb-tg/09fcd417b21f14ae",
            "lambda_multi_value_headers_enabled": false,
            "load_balancing_algorithm_type": "round_robin",
            "name": "tribecarexercise-lb-tg",
            "name_prefix": null,
            "port": 80,
            "preserve_client_ip": null,
            "protocol": "HTTP",
            "protocol_version": "HTTP1",
            "proxy_protocol_v2": false,
            "slow_start": 0,
            "stickiness": [
              {
                "cookie_duration": 86400,
                "cookie_name": "",
                "enabled": false,
                "type": "lb_cookie"
              }
            ],
            "tags": {},
            "tags_all": {},
            "target_type": "ip",
            "vpc_id": "vpc-06614048384589fd0"
          },
          "sensitive_attributes": [],
          "private": "bnVsbA==",
          "dependencies": [
            "aws_lb.tribecarexercise-lb",
            "aws_security_group.tribecarexercise-security-group",
            "aws_subnet.tribecarexercise-subnet-public-a",
            "aws_subnet.tribecarexercise-subnet-public-b",
            "aws_vpc.tribecarexercise-vpc"
          ]
        }
      ]
    },
    {
      "mode": "managed",
      "type": "aws_nat_gateway",
      "name": "tribecarexercise-nat-gateway",
      "provider": "provider[\"registry.terraform.io/hashicorp/aws\"]",
      "instances": [
        {
          "schema_version": 0,
          "attributes": {
            "allocation_id": "eipalloc-099739fa184d0b77c",
            "connectivity_type": "public",
            "id": "nat-0f61e1f1f09464764",
            "network_interface_id": "eni-022c3b3959995c9f7",
            "private_ip": "10.0.1.147",
            "public_ip": "52.220.111.251",
            "subnet_id": "subnet-01aa1a64b6bb11eb4",
            "tags": {},
            "tags_all": {}
          },
          "sensitive_attributes": [],
          "private": "bnVsbA==",
          "dependencies": [
            "aws_eip.tribecarexercise-eip",
            "aws_internet_gateway.tribecarexercise-internet-gateway",
            "aws_subnet.tribecarexercise-subnet-public-a",
            "aws_vpc.tribecarexercise-vpc"
          ]
        }
      ]
    },
    {
      "mode": "managed",
      "type": "aws_route",
      "name": "tribecarexercise-route-nat-gateway",
      "provider": "provider[\"registry.terraform.io/hashicorp/aws\"]",
      "instances": [
        {
          "schema_version": 0,
          "attributes": {
            "carrier_gateway_id": "",
            "destination_cidr_block": "0.0.0.0/0",
            "destination_ipv6_cidr_block": "",
            "destination_prefix_list_id": "",
            "egress_only_gateway_id": "",
            "gateway_id": "",
            "id": "r-rtb-0b7f4856cc1c90b221080289494",
            "instance_id": "",
            "instance_owner_id": "",
            "local_gateway_id": "",
            "nat_gateway_id": "nat-0f61e1f1f09464764",
            "network_interface_id": "",
            "origin": "CreateRoute",
            "route_table_id": "rtb-0b7f4856cc1c90b22",
            "state": "active",
            "timeouts": null,
            "transit_gateway_id": "",
            "vpc_endpoint_id": "",
            "vpc_peering_connection_id": ""
          },
          "sensitive_attributes": [],
          "private": "eyJlMmJmYjczMC1lY2FhLTExZTYtOGY4OC0zNDM2M2JjN2M0YzAiOnsiY3JlYXRlIjozMDAwMDAwMDAwMDAsImRlbGV0ZSI6MzAwMDAwMDAwMDAwLCJ1cGRhdGUiOjEyMDAwMDAwMDAwMH19",
          "dependencies": [
            "aws_eip.tribecarexercise-eip",
            "aws_internet_gateway.tribecarexercise-internet-gateway",
            "aws_nat_gateway.tribecarexercise-nat-gateway",
            "aws_route_table.tribecarexercise-route-table-private",
            "aws_subnet.tribecarexercise-subnet-public-a",
            "aws_vpc.tribecarexercise-vpc"
          ]
        }
      ]
    },
    {
      "mode": "managed",
      "type": "aws_route",
      "name": "tribecarexercise-route-public",
      "provider": "provider[\"registry.terraform.io/hashicorp/aws\"]",
      "instances": [
        {
          "schema_version": 0,
          "attributes": {
            "carrier_gateway_id": "",
            "destination_cidr_block": "0.0.0.0/0",
            "destination_ipv6_cidr_block": "",
            "destination_prefix_list_id": "",
            "egress_only_gateway_id": "",
            "gateway_id": "igw-055ae3ee29e23bee6",
            "id": "r-rtb-008b23c0cfc1be7c61080289494",
            "instance_id": "",
            "instance_owner_id": "",
            "local_gateway_id": "",
            "nat_gateway_id": "",
            "network_interface_id": "",
            "origin": "CreateRoute",
            "route_table_id": "rtb-008b23c0cfc1be7c6",
            "state": "active",
            "timeouts": null,
            "transit_gateway_id": "",
            "vpc_endpoint_id": "",
            "vpc_peering_connection_id": ""
          },
          "sensitive_attributes": [],
          "private": "eyJlMmJmYjczMC1lY2FhLTExZTYtOGY4OC0zNDM2M2JjN2M0YzAiOnsiY3JlYXRlIjozMDAwMDAwMDAwMDAsImRlbGV0ZSI6MzAwMDAwMDAwMDAwLCJ1cGRhdGUiOjEyMDAwMDAwMDAwMH19",
          "dependencies": [
            "aws_vpc.tribecarexercise-vpc",
            "aws_internet_gateway.tribecarexercise-internet-gateway",
            "aws_route_table.tribecarexercise-route-table-public"
          ]
        }
      ]
    },
    {
      "mode": "managed",
      "type": "aws_route_table",
      "name": "tribecarexercise-route-table-private",
      "provider": "provider[\"registry.terraform.io/hashicorp/aws\"]",
      "instances": [
        {
          "schema_version": 0,
          "attributes": {
            "arn": "arn:aws:ec2:ap-southeast-1:191234494660:route-table/rtb-0b7f4856cc1c90b22",
            "id": "rtb-0b7f4856cc1c90b22",
            "owner_id": "191234494660",
            "propagating_vgws": [],
            "route": [
              {
                "carrier_gateway_id": "",
                "cidr_block": "0.0.0.0/0",
                "destination_prefix_list_id": "",
                "egress_only_gateway_id": "",
                "gateway_id": "",
                "instance_id": "",
                "ipv6_cidr_block": "",
                "local_gateway_id": "",
                "nat_gateway_id": "nat-0f61e1f1f09464764",
                "network_interface_id": "",
                "transit_gateway_id": "",
                "vpc_endpoint_id": "",
                "vpc_peering_connection_id": ""
              }
            ],
            "tags": {
              "Name": "tribecarexercise-route-table-public"
            },
            "tags_all": {
              "Name": "tribecarexercise-route-table-public"
            },
            "timeouts": null,
            "vpc_id": "vpc-06614048384589fd0"
          },
          "sensitive_attributes": [],
          "private": "eyJlMmJmYjczMC1lY2FhLTExZTYtOGY4OC0zNDM2M2JjN2M0YzAiOnsiY3JlYXRlIjozMDAwMDAwMDAwMDAsImRlbGV0ZSI6MzAwMDAwMDAwMDAwLCJ1cGRhdGUiOjEyMDAwMDAwMDAwMH19",
          "dependencies": [
            "aws_vpc.tribecarexercise-vpc"
          ]
        }
      ]
    },
    {
      "mode": "managed",
      "type": "aws_route_table",
      "name": "tribecarexercise-route-table-public",
      "provider": "provider[\"registry.terraform.io/hashicorp/aws\"]",
      "instances": [
        {
          "schema_version": 0,
          "attributes": {
            "arn": "arn:aws:ec2:ap-southeast-1:191234494660:route-table/rtb-008b23c0cfc1be7c6",
            "id": "rtb-008b23c0cfc1be7c6",
            "owner_id": "191234494660",
            "propagating_vgws": [],
            "route": [
              {
                "carrier_gateway_id": "",
                "cidr_block": "0.0.0.0/0",
                "destination_prefix_list_id": "",
                "egress_only_gateway_id": "",
                "gateway_id": "igw-055ae3ee29e23bee6",
                "instance_id": "",
                "ipv6_cidr_block": "",
                "local_gateway_id": "",
                "nat_gateway_id": "",
                "network_interface_id": "",
                "transit_gateway_id": "",
                "vpc_endpoint_id": "",
                "vpc_peering_connection_id": ""
              }
            ],
            "tags": {
              "Name": "tribecarexercise-route-table-public"
            },
            "tags_all": {
              "Name": "tribecarexercise-route-table-public"
            },
            "timeouts": null,
            "vpc_id": "vpc-06614048384589fd0"
          },
          "sensitive_attributes": [],
          "private": "eyJlMmJmYjczMC1lY2FhLTExZTYtOGY4OC0zNDM2M2JjN2M0YzAiOnsiY3JlYXRlIjozMDAwMDAwMDAwMDAsImRlbGV0ZSI6MzAwMDAwMDAwMDAwLCJ1cGRhdGUiOjEyMDAwMDAwMDAwMH19",
          "dependencies": [
            "aws_vpc.tribecarexercise-vpc"
          ]
        }
      ]
    },
    {
      "mode": "managed",
      "type": "aws_route_table_association",
      "name": "tribecarexercise-route-table-association-private-a",
      "provider": "provider[\"registry.terraform.io/hashicorp/aws\"]",
      "instances": [
        {
          "schema_version": 0,
          "attributes": {
            "gateway_id": "",
            "id": "rtbassoc-095cba2a2a0cacf50",
            "route_table_id": "rtb-0b7f4856cc1c90b22",
            "subnet_id": "subnet-02b01695498da1fc4"
          },
          "sensitive_attributes": [],
          "private": "bnVsbA==",
          "dependencies": [
            "aws_route_table.tribecarexercise-route-table-private",
            "aws_subnet.tribecarexercise-subnet-private-a",
            "aws_vpc.tribecarexercise-vpc"
          ]
        }
      ]
    },
    {
      "mode": "managed",
      "type": "aws_route_table_association",
      "name": "tribecarexercise-route-table-association-private-b",
      "provider": "provider[\"registry.terraform.io/hashicorp/aws\"]",
      "instances": [
        {
          "schema_version": 0,
          "attributes": {
            "gateway_id": "",
            "id": "rtbassoc-05a1be0f22cd57021",
            "route_table_id": "rtb-0b7f4856cc1c90b22",
            "subnet_id": "subnet-0f81e534cff7176b1"
          },
          "sensitive_attributes": [],
          "private": "bnVsbA==",
          "dependencies": [
            "aws_vpc.tribecarexercise-vpc",
            "aws_route_table.tribecarexercise-route-table-private",
            "aws_subnet.tribecarexercise-subnet-private-b"
          ]
        }
      ]
    },
    {
      "mode": "managed",
      "type": "aws_route_table_association",
      "name": "tribecarexercise-route-table-association-public-a",
      "provider": "provider[\"registry.terraform.io/hashicorp/aws\"]",
      "instances": [
        {
          "schema_version": 0,
          "attributes": {
            "gateway_id": "",
            "id": "rtbassoc-0622a93ac6d419e92",
            "route_table_id": "rtb-008b23c0cfc1be7c6",
            "subnet_id": "subnet-01aa1a64b6bb11eb4"
          },
          "sensitive_attributes": [],
          "private": "bnVsbA==",
          "dependencies": [
            "aws_route_table.tribecarexercise-route-table-public",
            "aws_subnet.tribecarexercise-subnet-public-a",
            "aws_vpc.tribecarexercise-vpc"
          ]
        }
      ]
    },
    {
      "mode": "managed",
      "type": "aws_route_table_association",
      "name": "tribecarexercise-route-table-association-public-b",
      "provider": "provider[\"registry.terraform.io/hashicorp/aws\"]",
      "instances": [
        {
          "schema_version": 0,
          "attributes": {
            "gateway_id": "",
            "id": "rtbassoc-07688606b513fb247",
            "route_table_id": "rtb-008b23c0cfc1be7c6",
            "subnet_id": "subnet-018dd53ffd4dcf8aa"
          },
          "sensitive_attributes": [],
          "private": "bnVsbA==",
          "dependencies": [
            "aws_route_table.tribecarexercise-route-table-public",
            "aws_subnet.tribecarexercise-subnet-public-b",
            "aws_vpc.tribecarexercise-vpc"
          ]
        }
      ]
    },
    {
      "mode": "managed",
      "type": "aws_s3_bucket",
      "name": "tribecarexercise-s3-bucket-codepipeline",
      "provider": "provider[\"registry.terraform.io/hashicorp/aws\"]",
      "instances": [
        {
          "schema_version": 0,
          "attributes": {
            "acceleration_status": "",
            "acl": "private",
            "arn": "arn:aws:s3:::tribecarexercise-s3-bucket-codepipeline",
            "bucket": "tribecarexercise-s3-bucket-codepipeline",
            "bucket_domain_name": "tribecarexercise-s3-bucket-codepipeline.s3.amazonaws.com",
            "bucket_prefix": null,
            "bucket_regional_domain_name": "tribecarexercise-s3-bucket-codepipeline.s3.ap-southeast-1.amazonaws.com",
            "cors_rule": [],
            "force_destroy": true,
            "grant": [],
            "hosted_zone_id": "Z3O0J2DXBE1FTB",
            "id": "tribecarexercise-s3-bucket-codepipeline",
            "lifecycle_rule": [],
            "logging": [],
            "object_lock_configuration": [],
            "policy": null,
            "region": "ap-southeast-1",
            "replication_configuration": [],
            "request_payer": "BucketOwner",
            "server_side_encryption_configuration": [],
            "tags": {},
            "tags_all": {},
            "versioning": [
              {
                "enabled": false,
                "mfa_delete": false
              }
            ],
            "website": [],
            "website_domain": null,
            "website_endpoint": null
          },
          "sensitive_attributes": [],
          "private": "bnVsbA=="
        }
      ]
    },
    {
      "mode": "managed",
      "type": "aws_security_group",
      "name": "tribecarexercise-security-group",
      "provider": "provider[\"registry.terraform.io/hashicorp/aws\"]",
      "instances": [
        {
          "schema_version": 1,
          "attributes": {
            "arn": "arn:aws:ec2:ap-southeast-1:191234494660:security-group/sg-0cdcc9d2cd2549909",
            "description": "Managed by Terraform",
            "egress": [
              {
                "cidr_blocks": [
                  "0.0.0.0/0"
                ],
                "description": "ALL",
                "from_port": 0,
                "ipv6_cidr_blocks": [
                  "::/0"
                ],
                "prefix_list_ids": [],
                "protocol": "-1",
                "security_groups": [],
                "self": false,
                "to_port": 0
              }
            ],
            "id": "sg-0cdcc9d2cd2549909",
            "ingress": [
              {
                "cidr_blocks": [
                  "0.0.0.0/0"
                ],
                "description": "HTTP",
                "from_port": 80,
                "ipv6_cidr_blocks": [
                  "::/0"
                ],
                "prefix_list_ids": [],
                "protocol": "tcp",
                "security_groups": [],
                "self": false,
                "to_port": 80
              },
              {
                "cidr_blocks": [
                  "0.0.0.0/0"
                ],
                "description": "HTTPS",
                "from_port": 443,
                "ipv6_cidr_blocks": [
                  "::/0"
                ],
                "prefix_list_ids": [],
                "protocol": "tcp",
                "security_groups": [],
                "self": false,
                "to_port": 443
              }
            ],
            "name": "tribecarexercise-security-group",
            "name_prefix": "",
            "owner_id": "191234494660",
            "revoke_rules_on_delete": false,
            "tags": {},
            "tags_all": {},
            "timeouts": null,
            "vpc_id": "vpc-06614048384589fd0"
          },
          "sensitive_attributes": [],
          "private": "eyJlMmJmYjczMC1lY2FhLTExZTYtOGY4OC0zNDM2M2JjN2M0YzAiOnsiY3JlYXRlIjo2MDAwMDAwMDAwMDAsImRlbGV0ZSI6OTAwMDAwMDAwMDAwfSwic2NoZW1hX3ZlcnNpb24iOiIxIn0=",
          "dependencies": [
            "aws_vpc.tribecarexercise-vpc"
          ]
        }
      ]
    },
    {
      "mode": "managed",
      "type": "aws_subnet",
      "name": "tribecarexercise-subnet-private-a",
      "provider": "provider[\"registry.terraform.io/hashicorp/aws\"]",
      "instances": [
        {
          "schema_version": 1,
          "attributes": {
            "arn": "arn:aws:ec2:ap-southeast-1:191234494660:subnet/subnet-02b01695498da1fc4",
            "assign_ipv6_address_on_creation": false,
            "availability_zone": "ap-southeast-1a",
            "availability_zone_id": "apse1-az1",
            "cidr_block": "10.0.3.0/24",
            "customer_owned_ipv4_pool": "",
            "id": "subnet-02b01695498da1fc4",
            "ipv6_cidr_block": "",
            "ipv6_cidr_block_association_id": "",
            "map_customer_owned_ip_on_launch": false,
            "map_public_ip_on_launch": false,
            "outpost_arn": "",
            "owner_id": "191234494660",
            "tags": {
              "Name": "tribecarexercise-subnet-private-a"
            },
            "tags_all": {
              "Name": "tribecarexercise-subnet-private-a"
            },
            "timeouts": null,
            "vpc_id": "vpc-06614048384589fd0"
          },
          "sensitive_attributes": [],
          "private": "eyJlMmJmYjczMC1lY2FhLTExZTYtOGY4OC0zNDM2M2JjN2M0YzAiOnsiY3JlYXRlIjo2MDAwMDAwMDAwMDAsImRlbGV0ZSI6MTIwMDAwMDAwMDAwMH0sInNjaGVtYV92ZXJzaW9uIjoiMSJ9",
          "dependencies": [
            "aws_vpc.tribecarexercise-vpc"
          ]
        }
      ]
    },
    {
      "mode": "managed",
      "type": "aws_subnet",
      "name": "tribecarexercise-subnet-private-b",
      "provider": "provider[\"registry.terraform.io/hashicorp/aws\"]",
      "instances": [
        {
          "schema_version": 1,
          "attributes": {
            "arn": "arn:aws:ec2:ap-southeast-1:191234494660:subnet/subnet-0f81e534cff7176b1",
            "assign_ipv6_address_on_creation": false,
            "availability_zone": "ap-southeast-1b",
            "availability_zone_id": "apse1-az2",
            "cidr_block": "10.0.4.0/24",
            "customer_owned_ipv4_pool": "",
            "id": "subnet-0f81e534cff7176b1",
            "ipv6_cidr_block": "",
            "ipv6_cidr_block_association_id": "",
            "map_customer_owned_ip_on_launch": false,
            "map_public_ip_on_launch": false,
            "outpost_arn": "",
            "owner_id": "191234494660",
            "tags": {
              "Name": "tribecarexercise-subnet-private-b"
            },
            "tags_all": {
              "Name": "tribecarexercise-subnet-private-b"
            },
            "timeouts": null,
            "vpc_id": "vpc-06614048384589fd0"
          },
          "sensitive_attributes": [],
          "private": "eyJlMmJmYjczMC1lY2FhLTExZTYtOGY4OC0zNDM2M2JjN2M0YzAiOnsiY3JlYXRlIjo2MDAwMDAwMDAwMDAsImRlbGV0ZSI6MTIwMDAwMDAwMDAwMH0sInNjaGVtYV92ZXJzaW9uIjoiMSJ9",
          "dependencies": [
            "aws_vpc.tribecarexercise-vpc"
          ]
        }
      ]
    },
    {
      "mode": "managed",
      "type": "aws_subnet",
      "name": "tribecarexercise-subnet-public-a",
      "provider": "provider[\"registry.terraform.io/hashicorp/aws\"]",
      "instances": [
        {
          "schema_version": 1,
          "attributes": {
            "arn": "arn:aws:ec2:ap-southeast-1:191234494660:subnet/subnet-01aa1a64b6bb11eb4",
            "assign_ipv6_address_on_creation": false,
            "availability_zone": "ap-southeast-1a",
            "availability_zone_id": "apse1-az1",
            "cidr_block": "10.0.1.0/24",
            "customer_owned_ipv4_pool": "",
            "id": "subnet-01aa1a64b6bb11eb4",
            "ipv6_cidr_block": "",
            "ipv6_cidr_block_association_id": "",
            "map_customer_owned_ip_on_launch": false,
            "map_public_ip_on_launch": false,
            "outpost_arn": "",
            "owner_id": "191234494660",
            "tags": {
              "Name": "tribecarexercise-subnet-public-a"
            },
            "tags_all": {
              "Name": "tribecarexercise-subnet-public-a"
            },
            "timeouts": null,
            "vpc_id": "vpc-06614048384589fd0"
          },
          "sensitive_attributes": [],
          "private": "eyJlMmJmYjczMC1lY2FhLTExZTYtOGY4OC0zNDM2M2JjN2M0YzAiOnsiY3JlYXRlIjo2MDAwMDAwMDAwMDAsImRlbGV0ZSI6MTIwMDAwMDAwMDAwMH0sInNjaGVtYV92ZXJzaW9uIjoiMSJ9",
          "dependencies": [
            "aws_vpc.tribecarexercise-vpc"
          ]
        }
      ]
    },
    {
      "mode": "managed",
      "type": "aws_subnet",
      "name": "tribecarexercise-subnet-public-b",
      "provider": "provider[\"registry.terraform.io/hashicorp/aws\"]",
      "instances": [
        {
          "schema_version": 1,
          "attributes": {
            "arn": "arn:aws:ec2:ap-southeast-1:191234494660:subnet/subnet-018dd53ffd4dcf8aa",
            "assign_ipv6_address_on_creation": false,
            "availability_zone": "ap-southeast-1b",
            "availability_zone_id": "apse1-az2",
            "cidr_block": "10.0.2.0/24",
            "customer_owned_ipv4_pool": "",
            "id": "subnet-018dd53ffd4dcf8aa",
            "ipv6_cidr_block": "",
            "ipv6_cidr_block_association_id": "",
            "map_customer_owned_ip_on_launch": false,
            "map_public_ip_on_launch": false,
            "outpost_arn": "",
            "owner_id": "191234494660",
            "tags": {
              "Name": "tribecarexercise-subnet-public-b"
            },
            "tags_all": {
              "Name": "tribecarexercise-subnet-public-b"
            },
            "timeouts": null,
            "vpc_id": "vpc-06614048384589fd0"
          },
          "sensitive_attributes": [],
          "private": "eyJlMmJmYjczMC1lY2FhLTExZTYtOGY4OC0zNDM2M2JjN2M0YzAiOnsiY3JlYXRlIjo2MDAwMDAwMDAwMDAsImRlbGV0ZSI6MTIwMDAwMDAwMDAwMH0sInNjaGVtYV92ZXJzaW9uIjoiMSJ9",
          "dependencies": [
            "aws_vpc.tribecarexercise-vpc"
          ]
        }
      ]
    },
    {
      "mode": "managed",
      "type": "aws_vpc",
      "name": "tribecarexercise-vpc",
      "provider": "provider[\"registry.terraform.io/hashicorp/aws\"]",
      "instances": [
        {
          "schema_version": 1,
          "attributes": {
            "arn": "arn:aws:ec2:ap-southeast-1:191234494660:vpc/vpc-06614048384589fd0",
            "assign_generated_ipv6_cidr_block": false,
            "cidr_block": "10.0.0.0/16",
            "default_network_acl_id": "acl-0ac316351d854d882",
            "default_route_table_id": "rtb-031b54e8296d79502",
            "default_security_group_id": "sg-0e25ea2c9f810d2f0",
            "dhcp_options_id": "dopt-ad844fca",
            "enable_classiclink": false,
            "enable_classiclink_dns_support": false,
            "enable_dns_hostnames": true,
            "enable_dns_support": true,
            "id": "vpc-06614048384589fd0",
            "instance_tenancy": "default",
            "ipv4_ipam_pool_id": null,
            "ipv4_netmask_length": null,
            "ipv6_association_id": "",
            "ipv6_cidr_block": "",
            "ipv6_ipam_pool_id": null,
            "ipv6_netmask_length": null,
            "main_route_table_id": "rtb-031b54e8296d79502",
            "owner_id": "191234494660",
            "tags": {
              "Name": "tribecarexercise-vpc"
            },
            "tags_all": {
              "Name": "tribecarexercise-vpc"
            }
          },
          "sensitive_attributes": [],
          "private": "eyJzY2hlbWFfdmVyc2lvbiI6IjEifQ=="
        }
      ]
    }
  ]
}
